// !$*UTF8*$!
{
	archiveVersion = 1;
	classes = {
	};
	objectVersion = 46;
	objects = {

/* Begin PBXBuildFile section */
		1D4658101DCCEEC20051B373 /* main.m in Sources */ = {isa = PBXBuildFile; fileRef = 1D46580F1DCCEEC20051B373 /* main.m */; };
		1D4658181DCCF96C0051B373 /* PaymentGateway.m in Sources */ = {isa = PBXBuildFile; fileRef = 1D4658171DCCF96C0051B373 /* PaymentGateway.m */; };
		1D46581B1DCCFAB10051B373 /* PaypalPaymentService.m in Sources */ = {isa = PBXBuildFile; fileRef = 1D46581A1DCCFAB10051B373 /* PaypalPaymentService.m */; };
		1D46582A1DCD07B30051B373 /* ApplePaymentService.m in Sources */ = {isa = PBXBuildFile; fileRef = 1D4658291DCD07B30051B373 /* ApplePaymentService.m */; };
		1D46582F1DCD0B0B0051B373 /* AmazonPaymentService.m in Sources */ = {isa = PBXBuildFile; fileRef = 1D46582D1DCD0B0B0051B373 /* AmazonPaymentService.m */; };
		1D4658301DCD0B0B0051B373 /* StripePaymentService.m in Sources */ = {isa = PBXBuildFile; fileRef = 1D46582E1DCD0B0B0051B373 /* StripePaymentService.m */; };
/* End PBXBuildFile section */

/* Begin PBXCopyFilesBuildPhase section */
		1D46580A1DCCEEC20051B373 /* CopyFiles */ = {
			isa = PBXCopyFilesBuildPhase;
			buildActionMask = 2147483647;
			dstPath = /usr/share/man/man1/;
			dstSubfolderSpec = 0;
			files = (
			);
			runOnlyForDeploymentPostprocessing = 1;
		};
/* End PBXCopyFilesBuildPhase section */

/* Begin PBXFileReference section */
		1D46580C1DCCEEC20051B373 /* Payments */ = {isa = PBXFileReference; explicitFileType = "compiled.mach-o.executable"; includeInIndex = 0; path = Payments; sourceTree = BUILT_PRODUCTS_DIR; };
		1D46580F1DCCEEC20051B373 /* main.m */ = {isa = PBXFileReference; lastKnownFileType = sourcecode.c.objc; path = main.m; sourceTree = "<group>"; };
		1D4658161DCCF96C0051B373 /* PaymentGateway.h */ = {isa = PBXFileReference; fileEncoding = 4; lastKnownFileType = sourcecode.c.h; path = PaymentGateway.h; sourceTree = "<group>"; };
		1D4658171DCCF96C0051B373 /* PaymentGateway.m */ = {isa = PBXFileReference; fileEncoding = 4; lastKnownFileType = sourcecode.c.objc; path = PaymentGateway.m; sourceTree = "<group>"; };
		1D4658191DCCFAB10051B373 /* PaypalPaymentService.h */ = {isa = PBXFileReference; fileEncoding = 4; lastKnownFileType = sourcecode.c.h; path = PaypalPaymentService.h; sourceTree = "<group>"; };
		1D46581A1DCCFAB10051B373 /* PaypalPaymentService.m */ = {isa = PBXFileReference; fileEncoding = 4; lastKnownFileType = sourcecode.c.objc; path = PaypalPaymentService.m; sourceTree = "<group>"; };
		1D4658281DCD07B30051B373 /* ApplePaymentService.h */ = {isa = PBXFileReference; fileEncoding = 4; lastKnownFileType = sourcecode.c.h; path = ApplePaymentService.h; sourceTree = "<group>"; };
		1D4658291DCD07B30051B373 /* ApplePaymentService.m */ = {isa = PBXFileReference; fileEncoding = 4; lastKnownFileType = sourcecode.c.objc; path = ApplePaymentService.m; sourceTree = "<group>"; };
		1D46582B1DCD0AF70051B373 /* StripePaymentService.h */ = {isa = PBXFileReference; fileEncoding = 4; lastKnownFileType = sourcecode.c.h; path = StripePaymentService.h; sourceTree = "<group>"; };
		1D46582C1DCD0B0B0051B373 /* AmazonPaymentService.h */ = {isa = PBXFileReference; fileEncoding = 4; lastKnownFileType = sourcecode.c.h; path = AmazonPaymentService.h; sourceTree = "<group>"; };
		1D46582D1DCD0B0B0051B373 /* AmazonPaymentService.m */ = {isa = PBXFileReference; fileEncoding = 4; lastKnownFileType = sourcecode.c.objc; path = AmazonPaymentService.m; sourceTree = "<group>"; };
		1D46582E1DCD0B0B0051B373 /* StripePaymentService.m */ = {isa = PBXFileReference; fileEncoding = 4; lastKnownFileType = sourcecode.c.objc; path = StripePaymentService.m; sourceTree = "<group>"; };
/* End PBXFileReference section */

/* Begin PBXFrameworksBuildPhase section */
		1D4658091DCCEEC20051B373 /* Frameworks */ = {
			isa = PBXFrameworksBuildPhase;
			buildActionMask = 2147483647;
			files = (
			);
			runOnlyForDeploymentPostprocessing = 0;
		};
/* End PBXFrameworksBuildPhase section */

/* Begin PBXGroup section */
		1D4658031DCCEEC20051B373 = {
			isa = PBXGroup;
			children = (
				1D46580E1DCCEEC20051B373 /* Payments */,
				1D46580D1DCCEEC20051B373 /* Products */,
			);
			sourceTree = "<group>";
		};
		1D46580D1DCCEEC20051B373 /* Products */ = {
			isa = PBXGroup;
			children = (
				1D46580C1DCCEEC20051B373 /* Payments */,
			);
			name = Products;
			sourceTree = "<group>";
		};
		1D46580E1DCCEEC20051B373 /* Payments */ = {
			isa = PBXGroup;
			children = (
				1D46582C1DCD0B0B0051B373 /* AmazonPaymentService.h */,
				1D46582D1DCD0B0B0051B373 /* AmazonPaymentService.m */,
				1D46582E1DCD0B0B0051B373 /* StripePaymentService.m */,
				1D46580F1DCCEEC20051B373 /* main.m */,
				1D4658161DCCF96C0051B373 /* PaymentGateway.h */,
				1D4658171DCCF96C0051B373 /* PaymentGateway.m */,
				1D4658191DCCFAB10051B373 /* PaypalPaymentService.h */,
				1D46581A1DCCFAB10051B373 /* PaypalPaymentService.m */,
				1D46582B1DCD0AF70051B373 /* StripePaymentService.h */,
				1D4658281DCD07B30051B373 /* ApplePaymentService.h */,
				1D4658291DCD07B30051B373 /* ApplePaymentService.m */,
			);
			path = Payments;
			sourceTree = "<group>";
		};
/* End PBXGroup section */

/* Begin PBXNativeTarget section */
		1D46580B1DCCEEC20051B373 /* Payments */ = {
			isa = PBXNativeTarget;
			buildConfigurationList = 1D4658131DCCEEC20051B373 /* Build configuration list for PBXNativeTarget "Payments" */;
			buildPhases = (
				1D4658081DCCEEC20051B373 /* Sources */,
				1D4658091DCCEEC20051B373 /* Frameworks */,
				1D46580A1DCCEEC20051B373 /* CopyFiles */,
			);
			buildRules = (
			);
			dependencies = (
			);
			name = Payments;
			productName = Payments;
			productReference = 1D46580C1DCCEEC20051B373 /* Payments */;
			productType = "com.apple.product-type.tool";
		};
/* End PBXNativeTarget section */

/* Begin PBXProject section */
		1D4658041DCCEEC20051B373 /* Project object */ = {
			isa = PBXProject;
			attributes = {
				LastUpgradeCheck = 0730;
				ORGANIZATIONNAME = "Erin Luu";
				TargetAttributes = {
					1D46580B1DCCEEC20051B373 = {
						CreatedOnToolsVersion = 7.3.1;
					};
				};
			};
			buildConfigurationList = 1D4658071DCCEEC20051B373 /* Build configuration list for PBXProject "Payments" */;
			compatibilityVersion = "Xcode 3.2";
			developmentRegion = English;
			hasScannedForEncodings = 0;
			knownRegions = (
				en,
			);
			mainGroup = 1D4658031DCCEEC20051B373;
			productRefGroup = 1D46580D1DCCEEC20051B373 /* Products */;
			projectDirPath = "";
			projectRoot = "";
			targets = (
				1D46580B1DCCEEC20051B373 /* Payments */,
			);
		};
/* End PBXProject section */

/* Begin PBXSourcesBuildPhase section */
		1D4658081DCCEEC20051B373 /* Sources */ = {
			isa = PBXSourcesBuildPhase;
			buildActionMask = 2147483647;
			files = (
				1D4658101DCCEEC20051B373 /* main.m in Sources */,
				1D4658301DCD0B0B0051B373 /* StripePaymentService.m in Sources */,
				1D46582F1DCD0B0B0051B373 /* AmazonPaymentService.m in Sources */,
				1D4658181DCCF96C0051B373 /* PaymentGateway.m in Sources */,
				1D46582A1DCD07B30051B373 /* ApplePaymentService.m in Sources */,
				1D46581B1DCCFAB10051B373 /* PaypalPaymentService.m in Sources */,
			);
			runOnlyForDeploymentPostprocessing = 0;
		};
/* End PBXSourcesBuildPhase section */

/* Begin XCBuildConfiguration section */
		1D4658111DCCEEC20051B373 /* Debug */ = {
			isa = XCBuildConfiguration;
			buildSettings = {
				ALWAYS_SEARCH_USER_PATHS = NO;
				CLANG_ANALYZER_NONNULL = YES;
				CLANG_CXX_LANGUAGE_STANDARD = "gnu++0x";
				CLANG_CXX_LIBRARY = "libc++";
				CLANG_ENABLE_MODULES = YES;
				CLANG_ENABLE_OBJC_ARC = YES;
				CLANG_WARN_BOOL_CONVERSION = YES;
				CLANG_WARN_CONSTANT_CONVERSION = YES;
				CLANG_WARN_DIRECT_OBJC_ISA_USAGE = YES_ERROR;
				CLANG_WARN_EMPTY_BODY = YES;
				CLANG_WARN_ENUM_CONVERSION = YES;
				CLANG_WARN_INT_CONVERSION = YES;
				CLANG_WARN_OBJC_ROOT_CLASS = YES_ERROR;
				CLANG_WARN_UNREACHABLE_CODE = YES;
				CLANG_WARN__DUPLICATE_METHOD_MATCH = YES;
				CODE_SIGN_IDENTITY = "-";
				COPY_PHASE_STRIP = NO;
				DEBUG_INFORMATION_FORMAT = dwarf;
				ENABLE_STRICT_OBJC_MSGSEND = YES;
				ENABLE_TESTABILITY = YES;
				GCC_C_LANGUAGE_STANDARD = gnu99;
				GCC_DYNAMIC_NO_PIC = NO;
				GCC_NO_COMMON_BLOCKS = YES;
				GCC_OPTIMIZATION_LEVEL = 0;
				GCC_PREPROCESSOR_DEFINITIONS = (
					"DEBUG=1",
					"$(inherited)",
				);
				GCC_WARN_64_TO_32_BIT_CONVERSION = YES;
				GCC_WARN_ABOUT_RETURN_TYPE = YES_ERROR;
				GCC_WARN_UNDECLARED_SELECTOR = YES;
				GCC_WARN_UNINITIALIZED_AUTOS = YES_AGGRESSIVE;
				GCC_WARN_UNUSED_FUNCTION = YES;
				GCC_WARN_UNUSED_VARIABLE = YES;
				MACOSX_DEPLOYMENT_TARGET = 10.11;
				MTL_ENABLE_DEBUG_INFO = YES;
				ONLY_ACTIVE_ARCH = YES;
				SDKROOT = macosx;
			};
			name = Debug;
		};
		1D4658121DCCEEC20051B373 /* Release */ = {
			isa = XCBuildConfiguration;
			buildSettings = {
				ALWAYS_SEARCH_USER_PATHS = NO;
				CLANG_ANALYZER_NONNULL = YES;
				CLANG_CXX_LANGUAGE_STANDARD = "gnu++0x";
				CLANG_CXX_LIBRARY = "libc++";
				CLANG_ENABLE_MODULES = YES;
				CLANG_ENABLE_OBJC_ARC = YES;
				CLANG_WARN_BOOL_CONVERSION = YES;
				CLANG_WARN_CONSTANT_CONVERSION = YES;
				CLANG_WARN_DIRECT_OBJC_ISA_USAGE = YES_ERROR;
				CLANG_WARN_EMPTY_BODY = YES;
				CLANG_WARN_ENUM_CONVERSION = YES;
				CLANG_WARN_INT_CONVERSION = YES;
				CLANG_WARN_OBJC_ROOT_CLASS = YES_ERROR;
				CLANG_WARN_UNREACHABLE_CODE = YES;
				CLANG_WARN__DUPLICATE_METHOD_MATCH = YES;
				CODE_SIGN_IDENTITY = "-";
				COPY_PHASE_STRIP = NO;
				DEBUG_INFORMATION_FORMAT = "dwarf-with-dsym";
				ENABLE_NS_ASSERTIONS = NO;
				ENABLE_STRICT_OBJC_MSGSEND = YES;
				GCC_C_LANGUAGE_STANDARD = gnu99;
				GCC_NO_COMMON_BLOCKS = YES;
				GCC_WARN_64_TO_32_BIT_CONVERSION = YES;
				GCC_WARN_ABOUT_RETURN_TYPE = YES_ERROR;
				GCC_WARN_UNDECLARED_SELECTOR = YES;
				GCC_WARN_UNINITIALIZED_AUTOS = YES_AGGRESSIVE;
				GCC_WARN_UNUSED_FUNCTION = YES;
				GCC_WARN_UNUSED_VARIABLE = YES;
				MACOSX_DEPLOYMENT_TARGET = 10.11;
				MTL_ENABLE_DEBUG_INFO = NO;
				SDKROOT = macosx;
			};
			name = Release;
		};
		1D4658141DCCEEC20051B373 /* Debug */ = {
			isa = XCBuildConfiguration;
			buildSettings = {
				PRODUCT_NAME = "$(TARGET_NAME)";
			};
			name = Debug;
		};
		1D4658151DCCEEC20051B373 /* Release */ = {
			isa = XCBuildConfiguration;
			buildSettings = {
				PRODUCT_NAME = "$(TARGET_NAME)";
			};
			name = Release;
		};
/* End XCBuildConfiguration section */

/* Begin XCConfigurationList section */
		1D4658071DCCEEC20051B373 /* Build configuration list for PBXProject "Payments" */ = {
			isa = XCConfigurationList;
			buildConfigurations = (
				1D4658111DCCEEC20051B373 /* Debug */,
				1D4658121DCCEEC20051B373 /* Release */,
			);
			defaultConfigurationIsVisible = 0;
			defaultConfigurationName = Release;
		};
		1D4658131DCCEEC20051B373 /* Build configuration list for PBXNativeTarget "Payments" */ = {
			isa = XCConfigurationList;
			buildConfigurations = (
				1D4658141DCCEEC20051B373 /* Debug */,
				1D4658151DCCEEC20051B373 /* Release */,
			);
			defaultConfigurationIsVisible = 0;
			defaultConfigurationName = Release;
		};
/* End XCConfigurationList section */
	};
	rootObject = 1D4658041DCCEEC20051B373 /* Project object */;
}
